
Microsoft Visual Studio Solution File, Format Version 12.00
# Visual Studio Version 16
VisualStudioVersion = 16.0.31005.135
MinimumVisualStudioVersion = 10.0.40219.1
Project("{9A19103F-16F7-4668-BE54-9A1E7A4F7556}") = "gerçek", "gerçek\gerçek.csproj", "{9D5C4793-2766-48E9-AB59-2BCCB281E3EE}"
EndProject
Project("{9A19103F-16F7-4668-BE54-9A1E7A4F7556}") = "metotlar", "metotlar\metotlar.csproj", "{296D575D-17AA-4F16-A2D4-0EE7C6F8AA4D}"
EndProject
Project("{9A19103F-16F7-4668-BE54-9A1E7A4F7556}") = "matematik", "matematik\matematik.csproj", "{B775B365-C14D-4FC0-9060-6DA44A406A4E}"
EndProject
Project("{9A19103F-16F7-4668-BE54-9A1E7A4F7556}") = "deger-ve-referans-tipler", "deger-ve-referans-tipler\deger-ve-referans-tipler.csproj", "{0130DCAA-677F-41C4-9BBA-82DC4E9A82B1}"
EndProject
Project("{FAE04EC0-301F-11D3-BF4B-00C04F79EFBC}") = "OOP1", "OOP1\OOP1.csproj", "{4E368E19-5290-47EF-AC8D-0764F93E3343}"
EndProject
Global
	GlobalSection(SolutionConfigurationPlatforms) = preSolution
		Debug|Any CPU = Debug|Any CPU
		Release|Any CPU = Release|Any CPU
	EndGlobalSection
	GlobalSection(ProjectConfigurationPlatforms) = postSolution
		{9D5C4793-2766-48E9-AB59-2BCCB281E3EE}.Debug|Any CPU.ActiveCfg = Debug|Any CPU
		{9D5C4793-2766-48E9-AB59-2BCCB281E3EE}.Debug|Any CPU.Build.0 = Debug|Any CPU
		{9D5C4793-2766-48E9-AB59-2BCCB281E3EE}.Release|Any CPU.ActiveCfg = Release|Any CPU
		{9D5C4793-2766-48E9-AB59-2BCCB281E3EE}.Release|Any CPU.Build.0 = Release|Any CPU
		{296D575D-17AA-4F16-A2D4-0EE7C6F8AA4D}.Debug|Any CPU.ActiveCfg = Debug|Any CPU
		{296D575D-17AA-4F16-A2D4-0EE7C6F8AA4D}.Debug|Any CPU.Build.0 = Debug|Any CPU
		{296D575D-17AA-4F16-A2D4-0EE7C6F8AA4D}.Release|Any CPU.ActiveCfg = Release|Any CPU
		{296D575D-17AA-4F16-A2D4-0EE7C6F8AA4D}.Release|Any CPU.Build.0 = Release|Any CPU
		{B775B365-C14D-4FC0-9060-6DA44A406A4E}.Debug|Any CPU.ActiveCfg = Debug|Any CPU
		{B775B365-C14D-4FC0-9060-6DA44A406A4E}.Debug|Any CPU.Build.0 = Debug|Any CPU
		{B775B365-C14D-4FC0-9060-6DA44A406A4E}.Release|Any CPU.ActiveCfg = Release|Any CPU
		{B775B365-C14D-4FC0-9060-6DA44A406A4E}.Release|Any CPU.Build.0 = Release|Any CPU
		{0130DCAA-677F-41C4-9BBA-82DC4E9A82B1}.Debug|Any CPU.ActiveCfg = Debug|Any CPU
		{0130DCAA-677F-41C4-9BBA-82DC4E9A82B1}.Debug|Any CPU.Build.0 = Debug|Any CPU
		{0130DCAA-677F-41C4-9BBA-82DC4E9A82B1}.Release|Any CPU.ActiveCfg = Release|Any CPU
		{0130DCAA-677F-41C4-9BBA-82DC4E9A82B1}.Release|Any CPU.Build.0 = Release|Any CPU
		{4E368E19-5290-47EF-AC8D-0764F93E3343}.Debug|Any CPU.ActiveCfg = Debug|Any CPU
		{4E368E19-5290-47EF-AC8D-0764F93E3343}.Debug|Any CPU.Build.0 = Debug|Any CPU
		{4E368E19-5290-47EF-AC8D-0764F93E3343}.Release|Any CPU.ActiveCfg = Release|Any CPU
		{4E368E19-5290-47EF-AC8D-0764F93E3343}.Release|Any CPU.Build.0 = Release|Any CPU
	EndGlobalSection
	GlobalSection(SolutionProperties) = preSolution
		HideSolutionNode = FALSE
	EndGlobalSection
	GlobalSection(ExtensibilityGlobals) = postSolution
		SolutionGuid = {B5022A9F-7D84-4EA9-A6FF-CBFED2E4B53E}
	EndGlobalSection
EndGlobal
